// !$*UTF8*$!
{
	archiveVersion = 1;
	classes = {
	};
	objectVersion = 46;
	objects = {

/* Begin PBXBuildFile section */
		6B0304831E248C0D002FB108 /* MASCompositeConstraint.m in Sources */ = {isa = PBXBuildFile; fileRef = 6B03046D1E248C0D002FB108 /* MASCompositeConstraint.m */; };
		6B0304841E248C0D002FB108 /* MASConstraint.m in Sources */ = {isa = PBXBuildFile; fileRef = 6B0304701E248C0D002FB108 /* MASConstraint.m */; };
		6B0304851E248C0D002FB108 /* MASConstraintMaker.m in Sources */ = {isa = PBXBuildFile; fileRef = 6B0304721E248C0D002FB108 /* MASConstraintMaker.m */; };
		6B0304861E248C0D002FB108 /* MASLayoutConstraint.m in Sources */ = {isa = PBXBuildFile; fileRef = 6B0304741E248C0D002FB108 /* MASLayoutConstraint.m */; };
		6B0304871E248C0D002FB108 /* MASViewAttribute.m in Sources */ = {isa = PBXBuildFile; fileRef = 6B0304781E248C0D002FB108 /* MASViewAttribute.m */; };
		6B0304881E248C0D002FB108 /* MASViewConstraint.m in Sources */ = {isa = PBXBuildFile; fileRef = 6B03047A1E248C0D002FB108 /* MASViewConstraint.m */; };
		6B0304891E248C0D002FB108 /* NSArray+MASAdditions.m in Sources */ = {isa = PBXBuildFile; fileRef = 6B03047C1E248C0D002FB108 /* NSArray+MASAdditions.m */; };
		6B03048A1E248C0D002FB108 /* NSLayoutConstraint+MASDebugAdditions.m in Sources */ = {isa = PBXBuildFile; fileRef = 6B03047F1E248C0D002FB108 /* NSLayoutConstraint+MASDebugAdditions.m */; };
		6B03048B1E248C0D002FB108 /* View+MASAdditions.m in Sources */ = {isa = PBXBuildFile; fileRef = 6B0304811E248C0D002FB108 /* View+MASAdditions.m */; };
		6B416FEA1E28D690001AD684 /* ShopCartModel.m in Sources */ = {isa = PBXBuildFile; fileRef = 6B416FD51E28D690001AD684 /* ShopCartModel.m */; };
		6B416FEB1E28D690001AD684 /* ShopCartViewController.m in Sources */ = {isa = PBXBuildFile; fileRef = 6B416FD71E28D690001AD684 /* ShopCartViewController.m */; };
		6B416FEC1E28D690001AD684 /* ShopCartViewController.xib in Resources */ = {isa = PBXBuildFile; fileRef = 6B416FD81E28D690001AD684 /* ShopCartViewController.xib */; };
		6B416FED1E28D690001AD684 /* ShopCartBottomBar.m in Sources */ = {isa = PBXBuildFile; fileRef = 6B416FDB1E28D690001AD684 /* ShopCartBottomBar.m */; };
		6B416FEE1E28D690001AD684 /* ShopCartBottomBar.xib in Resources */ = {isa = PBXBuildFile; fileRef = 6B416FDC1E28D690001AD684 /* ShopCartBottomBar.xib */; };
		6B416FEF1E28D690001AD684 /* ShopCartCell.m in Sources */ = {isa = PBXBuildFile; fileRef = 6B416FDE1E28D690001AD684 /* ShopCartCell.m */; };
		6B416FF01E28D690001AD684 /* ShopCartCell.xib in Resources */ = {isa = PBXBuildFile; fileRef = 6B416FDF1E28D690001AD684 /* ShopCartCell.xib */; };
		6B416FF11E28D690001AD684 /* ShopCartHeaderView.m in Sources */ = {isa = PBXBuildFile; fileRef = 6B416FE11E28D690001AD684 /* ShopCartHeaderView.m */; };
		6B416FF21E28D690001AD684 /* ShopCartHeaderView.xib in Resources */ = {isa = PBXBuildFile; fileRef = 6B416FE21E28D690001AD684 /* ShopCartHeaderView.xib */; };
		6B416FF31E28D690001AD684 /* ShopCartLogicViewModel+SpecialView.m in Sources */ = {isa = PBXBuildFile; fileRef = 6B416FE51E28D690001AD684 /* ShopCartLogicViewModel+SpecialView.m */; };
		6B416FF41E28D690001AD684 /* ShopCartLogicViewModel.m in Sources */ = {isa = PBXBuildFile; fileRef = 6B416FE71E28D690001AD684 /* ShopCartLogicViewModel.m */; };
		6B416FF51E28D690001AD684 /* ShopCartUIViewModel.m in Sources */ = {isa = PBXBuildFile; fileRef = 6B416FE91E28D690001AD684 /* ShopCartUIViewModel.m */; };
		6B86CE9A1E1E43A100E345D0 /* main.m in Sources */ = {isa = PBXBuildFile; fileRef = 6B86CE991E1E43A100E345D0 /* main.m */; };
		6B86CE9D1E1E43A100E345D0 /* AppDelegate.m in Sources */ = {isa = PBXBuildFile; fileRef = 6B86CE9C1E1E43A100E345D0 /* AppDelegate.m */; };
		6B86CEA01E1E43A100E345D0 /* ViewController.m in Sources */ = {isa = PBXBuildFile; fileRef = 6B86CE9F1E1E43A100E345D0 /* ViewController.m */; };
		6B86CEA31E1E43A100E345D0 /* Main.storyboard in Resources */ = {isa = PBXBuildFile; fileRef = 6B86CEA11E1E43A100E345D0 /* Main.storyboard */; };
		6B86CEA51E1E43A100E345D0 /* Assets.xcassets in Resources */ = {isa = PBXBuildFile; fileRef = 6B86CEA41E1E43A100E345D0 /* Assets.xcassets */; };
		6B86CEA81E1E43A100E345D0 /* LaunchScreen.storyboard in Resources */ = {isa = PBXBuildFile; fileRef = 6B86CEA61E1E43A100E345D0 /* LaunchScreen.storyboard */; };
		6B86CEB01E1E43AD00E345D0 /* Podfile in Resources */ = {isa = PBXBuildFile; fileRef = 6B86CEAF1E1E43AD00E345D0 /* Podfile */; };
		6CA508CFD9375FD97A2AA8D3 /* libPods-RAC_Demo.a in Frameworks */ = {isa = PBXBuildFile; fileRef = 061DE3A24110B5F257C53BFD /* libPods-RAC_Demo.a */; };
/* End PBXBuildFile section */

/* Begin PBXFileReference section */
		0166C6F1170D1FBB0E679554 /* Pods.framework */ = {isa = PBXFileReference; explicitFileType = wrapper.framework; includeInIndex = 0; path = Pods.framework; sourceTree = BUILT_PRODUCTS_DIR; };
		061DE3A24110B5F257C53BFD /* libPods-RAC_Demo.a */ = {isa = PBXFileReference; explicitFileType = archive.ar; includeInIndex = 0; path = "libPods-RAC_Demo.a"; sourceTree = BUILT_PRODUCTS_DIR; };
		6538CB76F2D4BFE961D2D30C /* Pods-RAC_Demo.debug.xcconfig */ = {isa = PBXFileReference; includeInIndex = 1; lastKnownFileType = text.xcconfig; name = "Pods-RAC_Demo.debug.xcconfig"; path = "Pods/Target Support Files/Pods-RAC_Demo/Pods-RAC_Demo.debug.xcconfig"; sourceTree = "<group>"; };
		6B0304431E2480C9002FB108 /* AppDelegate.h */ = {isa = PBXFileReference; lastKnownFileType = sourcecode.c.h; path = AppDelegate.h; sourceTree = "<group>"; };
		6B03046C1E248C0D002FB108 /* MASCompositeConstraint.h */ = {isa = PBXFileReference; fileEncoding = 4; lastKnownFileType = sourcecode.c.h; path = MASCompositeConstraint.h; sourceTree = "<group>"; };
		6B03046D1E248C0D002FB108 /* MASCompositeConstraint.m */ = {isa = PBXFileReference; fileEncoding = 4; lastKnownFileType = sourcecode.c.objc; path = MASCompositeConstraint.m; sourceTree = "<group>"; };
		6B03046E1E248C0D002FB108 /* MASConstraint+Private.h */ = {isa = PBXFileReference; fileEncoding = 4; lastKnownFileType = sourcecode.c.h; path = "MASConstraint+Private.h"; sourceTree = "<group>"; };
		6B03046F1E248C0D002FB108 /* MASConstraint.h */ = {isa = PBXFileReference; fileEncoding = 4; lastKnownFileType = sourcecode.c.h; path = MASConstraint.h; sourceTree = "<group>"; };
		6B0304701E248C0D002FB108 /* MASConstraint.m */ = {isa = PBXFileReference; fileEncoding = 4; lastKnownFileType = sourcecode.c.objc; path = MASConstraint.m; sourceTree = "<group>"; };
		6B0304711E248C0D002FB108 /* MASConstraintMaker.h */ = {isa = PBXFileReference; fileEncoding = 4; lastKnownFileType = sourcecode.c.h; path = MASConstraintMaker.h; sourceTree = "<group>"; };
		6B0304721E248C0D002FB108 /* MASConstraintMaker.m */ = {isa = PBXFileReference; fileEncoding = 4; lastKnownFileType = sourcecode.c.objc; path = MASConstraintMaker.m; sourceTree = "<group>"; };
		6B0304731E248C0D002FB108 /* MASLayoutConstraint.h */ = {isa = PBXFileReference; fileEncoding = 4; lastKnownFileType = sourcecode.c.h; path = MASLayoutConstraint.h; sourceTree = "<group>"; };
		6B0304741E248C0D002FB108 /* MASLayoutConstraint.m */ = {isa = PBXFileReference; fileEncoding = 4; lastKnownFileType = sourcecode.c.objc; path = MASLayoutConstraint.m; sourceTree = "<group>"; };
		6B0304751E248C0D002FB108 /* Masonry.h */ = {isa = PBXFileReference; fileEncoding = 4; lastKnownFileType = sourcecode.c.h; path = Masonry.h; sourceTree = "<group>"; };
		6B0304761E248C0D002FB108 /* MASUtilities.h */ = {isa = PBXFileReference; fileEncoding = 4; lastKnownFileType = sourcecode.c.h; path = MASUtilities.h; sourceTree = "<group>"; };
		6B0304771E248C0D002FB108 /* MASViewAttribute.h */ = {isa = PBXFileReference; fileEncoding = 4; lastKnownFileType = sourcecode.c.h; path = MASViewAttribute.h; sourceTree = "<group>"; };
		6B0304781E248C0D002FB108 /* MASViewAttribute.m */ = {isa = PBXFileReference; fileEncoding = 4; lastKnownFileType = sourcecode.c.objc; path = MASViewAttribute.m; sourceTree = "<group>"; };
		6B0304791E248C0D002FB108 /* MASViewConstraint.h */ = {isa = PBXFileReference; fileEncoding = 4; lastKnownFileType = sourcecode.c.h; path = MASViewConstraint.h; sourceTree = "<group>"; };
		6B03047A1E248C0D002FB108 /* MASViewConstraint.m */ = {isa = PBXFileReference; fileEncoding = 4; lastKnownFileType = sourcecode.c.objc; path = MASViewConstraint.m; sourceTree = "<group>"; };
		6B03047B1E248C0D002FB108 /* NSArray+MASAdditions.h */ = {isa = PBXFileReference; fileEncoding = 4; lastKnownFileType = sourcecode.c.h; path = "NSArray+MASAdditions.h"; sourceTree = "<group>"; };
		6B03047C1E248C0D002FB108 /* NSArray+MASAdditions.m */ = {isa = PBXFileReference; fileEncoding = 4; lastKnownFileType = sourcecode.c.objc; path = "NSArray+MASAdditions.m"; sourceTree = "<group>"; };
		6B03047D1E248C0D002FB108 /* NSArray+MASShorthandAdditions.h */ = {isa = PBXFileReference; fileEncoding = 4; lastKnownFileType = sourcecode.c.h; path = "NSArray+MASShorthandAdditions.h"; sourceTree = "<group>"; };
		6B03047E1E248C0D002FB108 /* NSLayoutConstraint+MASDebugAdditions.h */ = {isa = PBXFileReference; fileEncoding = 4; lastKnownFileType = sourcecode.c.h; path = "NSLayoutConstraint+MASDebugAdditions.h"; sourceTree = "<group>"; };
		6B03047F1E248C0D002FB108 /* NSLayoutConstraint+MASDebugAdditions.m */ = {isa = PBXFileReference; fileEncoding = 4; lastKnownFileType = sourcecode.c.objc; path = "NSLayoutConstraint+MASDebugAdditions.m"; sourceTree = "<group>"; };
		6B0304801E248C0D002FB108 /* View+MASAdditions.h */ = {isa = PBXFileReference; fileEncoding = 4; lastKnownFileType = sourcecode.c.h; path = "View+MASAdditions.h"; sourceTree = "<group>"; };
		6B0304811E248C0D002FB108 /* View+MASAdditions.m */ = {isa = PBXFileReference; fileEncoding = 4; lastKnownFileType = sourcecode.c.objc; path = "View+MASAdditions.m"; sourceTree = "<group>"; };
		6B0304821E248C0D002FB108 /* View+MASShorthandAdditions.h */ = {isa = PBXFileReference; fileEncoding = 4; lastKnownFileType = sourcecode.c.h; path = "View+MASShorthandAdditions.h"; sourceTree = "<group>"; };
		6B416FD41E28D690001AD684 /* ShopCartModel.h */ = {isa = PBXFileReference; fileEncoding = 4; lastKnownFileType = sourcecode.c.h; path = ShopCartModel.h; sourceTree = "<group>"; };
		6B416FD51E28D690001AD684 /* ShopCartModel.m */ = {isa = PBXFileReference; fileEncoding = 4; lastKnownFileType = sourcecode.c.objc; path = ShopCartModel.m; sourceTree = "<group>"; };
		6B416FD61E28D690001AD684 /* ShopCartViewController.h */ = {isa = PBXFileReference; fileEncoding = 4; lastKnownFileType = sourcecode.c.h; name = ShopCartViewController.h; path = "ShopCart(购物车)/ShopCartViewController.h"; sourceTree = "<group>"; };
		6B416FD71E28D690001AD684 /* ShopCartViewController.m */ = {isa = PBXFileReference; fileEncoding = 4; lastKnownFileType = sourcecode.c.objc; name = ShopCartViewController.m; path = "ShopCart(购物车)/ShopCartViewController.m"; sourceTree = "<group>"; };
		6B416FD81E28D690001AD684 /* ShopCartViewController.xib */ = {isa = PBXFileReference; fileEncoding = 4; lastKnownFileType = file.xib; name = ShopCartViewController.xib; path = "ShopCart(购物车)/ShopCartViewController.xib"; sourceTree = "<group>"; };
		6B416FDA1E28D690001AD684 /* ShopCartBottomBar.h */ = {isa = PBXFileReference; fileEncoding = 4; lastKnownFileType = sourcecode.c.h; path = ShopCartBottomBar.h; sourceTree = "<group>"; };
		6B416FDB1E28D690001AD684 /* ShopCartBottomBar.m */ = {isa = PBXFileReference; fileEncoding = 4; lastKnownFileType = sourcecode.c.objc; path = ShopCartBottomBar.m; sourceTree = "<group>"; };
		6B416FDC1E28D690001AD684 /* ShopCartBottomBar.xib */ = {isa = PBXFileReference; fileEncoding = 4; lastKnownFileType = file.xib; path = ShopCartBottomBar.xib; sourceTree = "<group>"; };
		6B416FDD1E28D690001AD684 /* ShopCartCell.h */ = {isa = PBXFileReference; fileEncoding = 4; lastKnownFileType = sourcecode.c.h; path = ShopCartCell.h; sourceTree = "<group>"; };
		6B416FDE1E28D690001AD684 /* ShopCartCell.m */ = {isa = PBXFileReference; fileEncoding = 4; lastKnownFileType = sourcecode.c.objc; path = ShopCartCell.m; sourceTree = "<group>"; };
		6B416FDF1E28D690001AD684 /* ShopCartCell.xib */ = {isa = PBXFileReference; fileEncoding = 4; lastKnownFileType = file.xib; path = ShopCartCell.xib; sourceTree = "<group>"; };
		6B416FE01E28D690001AD684 /* ShopCartHeaderView.h */ = {isa = PBXFileReference; fileEncoding = 4; lastKnownFileType = sourcecode.c.h; path = ShopCartHeaderView.h; sourceTree = "<group>"; };
		6B416FE11E28D690001AD684 /* ShopCartHeaderView.m */ = {isa = PBXFileReference; fileEncoding = 4; lastKnownFileType = sourcecode.c.objc; path = ShopCartHeaderView.m; sourceTree = "<group>"; };
		6B416FE21E28D690001AD684 /* ShopCartHeaderView.xib */ = {isa = PBXFileReference; fileEncoding = 4; lastKnownFileType = file.xib; path = ShopCartHeaderView.xib; sourceTree = "<group>"; };
		6B416FE41E28D690001AD684 /* ShopCartLogicViewModel+SpecialView.h */ = {isa = PBXFileReference; fileEncoding = 4; lastKnownFileType = sourcecode.c.h; path = "ShopCartLogicViewModel+SpecialView.h"; sourceTree = "<group>"; };
		6B416FE51E28D690001AD684 /* ShopCartLogicViewModel+SpecialView.m */ = {isa = PBXFileReference; fileEncoding = 4; lastKnownFileType = sourcecode.c.objc; path = "ShopCartLogicViewModel+SpecialView.m"; sourceTree = "<group>"; };
		6B416FE61E28D690001AD684 /* ShopCartLogicViewModel.h */ = {isa = PBXFileReference; fileEncoding = 4; lastKnownFileType = sourcecode.c.h; path = ShopCartLogicViewModel.h; sourceTree = "<group>"; };
		6B416FE71E28D690001AD684 /* ShopCartLogicViewModel.m */ = {isa = PBXFileReference; fileEncoding = 4; lastKnownFileType = sourcecode.c.objc; path = ShopCartLogicViewModel.m; sourceTree = "<group>"; };
		6B416FE81E28D690001AD684 /* ShopCartUIViewModel.h */ = {isa = PBXFileReference; fileEncoding = 4; lastKnownFileType = sourcecode.c.h; path = ShopCartUIViewModel.h; sourceTree = "<group>"; };
		6B416FE91E28D690001AD684 /* ShopCartUIViewModel.m */ = {isa = PBXFileReference; fileEncoding = 4; lastKnownFileType = sourcecode.c.objc; path = ShopCartUIViewModel.m; sourceTree = "<group>"; };
		6B86CE951E1E43A100E345D0 /* RAC_Demo.app */ = {isa = PBXFileReference; explicitFileType = wrapper.application; includeInIndex = 0; path = RAC_Demo.app; sourceTree = BUILT_PRODUCTS_DIR; };
		6B86CE991E1E43A100E345D0 /* main.m */ = {isa = PBXFileReference; lastKnownFileType = sourcecode.c.objc; path = main.m; sourceTree = "<group>"; };
		6B86CE9C1E1E43A100E345D0 /* AppDelegate.m */ = {isa = PBXFileReference; lastKnownFileType = sourcecode.c.objc; path = AppDelegate.m; sourceTree = "<group>"; };
		6B86CE9E1E1E43A100E345D0 /* ViewController.h */ = {isa = PBXFileReference; lastKnownFileType = sourcecode.c.h; path = ViewController.h; sourceTree = "<group>"; };
		6B86CE9F1E1E43A100E345D0 /* ViewController.m */ = {isa = PBXFileReference; lastKnownFileType = sourcecode.c.objc; path = ViewController.m; sourceTree = "<group>"; };
		6B86CEA21E1E43A100E345D0 /* Base */ = {isa = PBXFileReference; lastKnownFileType = file.storyboard; name = Base; path = Base.lproj/Main.storyboard; sourceTree = "<group>"; };
		6B86CEA41E1E43A100E345D0 /* Assets.xcassets */ = {isa = PBXFileReference; lastKnownFileType = folder.assetcatalog; path = Assets.xcassets; sourceTree = "<group>"; };
		6B86CEA71E1E43A100E345D0 /* Base */ = {isa = PBXFileReference; lastKnownFileType = file.storyboard; name = Base; path = Base.lproj/LaunchScreen.storyboard; sourceTree = "<group>"; };
		6B86CEA91E1E43A100E345D0 /* Info.plist */ = {isa = PBXFileReference; lastKnownFileType = text.plist.xml; path = Info.plist; sourceTree = "<group>"; };
		6B86CEAF1E1E43AD00E345D0 /* Podfile */ = {isa = PBXFileReference; fileEncoding = 4; lastKnownFileType = text; path = Podfile; sourceTree = "<group>"; };
		FC74D888990A47CA37EBCD72 /* Pods-RAC_Demo.release.xcconfig */ = {isa = PBXFileReference; includeInIndex = 1; lastKnownFileType = text.xcconfig; name = "Pods-RAC_Demo.release.xcconfig"; path = "Pods/Target Support Files/Pods-RAC_Demo/Pods-RAC_Demo.release.xcconfig"; sourceTree = "<group>"; };
/* End PBXFileReference section */

/* Begin PBXFrameworksBuildPhase section */
		6B86CE921E1E43A100E345D0 /* Frameworks */ = {
			isa = PBXFrameworksBuildPhase;
			buildActionMask = 2147483647;
			files = (
				6CA508CFD9375FD97A2AA8D3 /* libPods-RAC_Demo.a in Frameworks */,
			);
			runOnlyForDeploymentPostprocessing = 0;
		};
/* End PBXFrameworksBuildPhase section */

/* Begin PBXGroup section */
		3DFC89799E21D7729DA03B79 /* Pods */ = {
			isa = PBXGroup;
			children = (
				6538CB76F2D4BFE961D2D30C /* Pods-RAC_Demo.debug.xcconfig */,
				FC74D888990A47CA37EBCD72 /* Pods-RAC_Demo.release.xcconfig */,
			);
			name = Pods;
			sourceTree = "<group>";
		};
		6B03046A1E248C0D002FB108 /* Lib */ = {
			isa = PBXGroup;
			children = (
				6B03046B1E248C0D002FB108 /* Masonry */,
			);
			path = Lib;
			sourceTree = "<group>";
		};
		6B03046B1E248C0D002FB108 /* Masonry */ = {
			isa = PBXGroup;
			children = (
				6B03046C1E248C0D002FB108 /* MASCompositeConstraint.h */,
				6B03046D1E248C0D002FB108 /* MASCompositeConstraint.m */,
				6B03046E1E248C0D002FB108 /* MASConstraint+Private.h */,
				6B03046F1E248C0D002FB108 /* MASConstraint.h */,
				6B0304701E248C0D002FB108 /* MASConstraint.m */,
				6B0304711E248C0D002FB108 /* MASConstraintMaker.h */,
				6B0304721E248C0D002FB108 /* MASConstraintMaker.m */,
				6B0304731E248C0D002FB108 /* MASLayoutConstraint.h */,
				6B0304741E248C0D002FB108 /* MASLayoutConstraint.m */,
				6B0304751E248C0D002FB108 /* Masonry.h */,
				6B0304761E248C0D002FB108 /* MASUtilities.h */,
				6B0304771E248C0D002FB108 /* MASViewAttribute.h */,
				6B0304781E248C0D002FB108 /* MASViewAttribute.m */,
				6B0304791E248C0D002FB108 /* MASViewConstraint.h */,
				6B03047A1E248C0D002FB108 /* MASViewConstraint.m */,
				6B03047B1E248C0D002FB108 /* NSArray+MASAdditions.h */,
				6B03047C1E248C0D002FB108 /* NSArray+MASAdditions.m */,
				6B03047D1E248C0D002FB108 /* NSArray+MASShorthandAdditions.h */,
				6B03047E1E248C0D002FB108 /* NSLayoutConstraint+MASDebugAdditions.h */,
				6B03047F1E248C0D002FB108 /* NSLayoutConstraint+MASDebugAdditions.m */,
				6B0304801E248C0D002FB108 /* View+MASAdditions.h */,
				6B0304811E248C0D002FB108 /* View+MASAdditions.m */,
				6B0304821E248C0D002FB108 /* View+MASShorthandAdditions.h */,
			);
			path = Masonry;
			sourceTree = "<group>";
		};
		6B416FD21E28D690001AD684 /* ShopCart(购物车) */ = {
			isa = PBXGroup;
			children = (
				6B416FD31E28D690001AD684 /* Model */,
				6B416FD91E28D690001AD684 /* View */,
				6B416FE31E28D690001AD684 /* ViewModel */,
			);
			path = "ShopCart(购物车)";
			sourceTree = "<group>";
		};
		6B416FD31E28D690001AD684 /* Model */ = {
			isa = PBXGroup;
			children = (
				6B416FD41E28D690001AD684 /* ShopCartModel.h */,
				6B416FD51E28D690001AD684 /* ShopCartModel.m */,
			);
			path = Model;
			sourceTree = "<group>";
		};
		6B416FD91E28D690001AD684 /* View */ = {
			isa = PBXGroup;
			children = (
				6B416FDA1E28D690001AD684 /* ShopCartBottomBar.h */,
				6B416FDB1E28D690001AD684 /* ShopCartBottomBar.m */,
				6B416FDC1E28D690001AD684 /* ShopCartBottomBar.xib */,
				6B416FDD1E28D690001AD684 /* ShopCartCell.h */,
				6B416FDE1E28D690001AD684 /* ShopCartCell.m */,
				6B416FDF1E28D690001AD684 /* ShopCartCell.xib */,
				6B416FE01E28D690001AD684 /* ShopCartHeaderView.h */,
				6B416FE11E28D690001AD684 /* ShopCartHeaderView.m */,
				6B416FE21E28D690001AD684 /* ShopCartHeaderView.xib */,
			);
			path = View;
			sourceTree = "<group>";
		};
		6B416FE31E28D690001AD684 /* ViewModel */ = {
			isa = PBXGroup;
			children = (
				6B416FE41E28D690001AD684 /* ShopCartLogicViewModel+SpecialView.h */,
				6B416FE51E28D690001AD684 /* ShopCartLogicViewModel+SpecialView.m */,
				6B416FE61E28D690001AD684 /* ShopCartLogicViewModel.h */,
				6B416FE71E28D690001AD684 /* ShopCartLogicViewModel.m */,
				6B416FE81E28D690001AD684 /* ShopCartUIViewModel.h */,
				6B416FE91E28D690001AD684 /* ShopCartUIViewModel.m */,
			);
			path = ViewModel;
			sourceTree = "<group>";
		};
		6B86CE8C1E1E43A100E345D0 = {
			isa = PBXGroup;
			children = (
				6B86CEAF1E1E43AD00E345D0 /* Podfile */,
				6B86CE971E1E43A100E345D0 /* RAC_Demo */,
				6B86CE961E1E43A100E345D0 /* Products */,
				9F38852AB070811ACF99E5B7 /* Frameworks */,
				3DFC89799E21D7729DA03B79 /* Pods */,
			);
			sourceTree = "<group>";
		};
		6B86CE961E1E43A100E345D0 /* Products */ = {
			isa = PBXGroup;
			children = (
				6B86CE951E1E43A100E345D0 /* RAC_Demo.app */,
			);
			name = Products;
			sourceTree = "<group>";
		};
		6B86CE971E1E43A100E345D0 /* RAC_Demo */ = {
			isa = PBXGroup;
			children = (
				6B03046A1E248C0D002FB108 /* Lib */,
				6B416FD21E28D690001AD684 /* ShopCart(购物车) */,
				6B416FD61E28D690001AD684 /* ShopCartViewController.h */,
				6B416FD71E28D690001AD684 /* ShopCartViewController.m */,
				6B416FD81E28D690001AD684 /* ShopCartViewController.xib */,
				6B86CE981E1E43A100E345D0 /* Supporting Files */,
			);
			path = RAC_Demo;
			sourceTree = "<group>";
		};
		6B86CE981E1E43A100E345D0 /* Supporting Files */ = {
			isa = PBXGroup;
			children = (
				6B86CE9E1E1E43A100E345D0 /* ViewController.h */,
				6B86CE9F1E1E43A100E345D0 /* ViewController.m */,
				6B86CEA11E1E43A100E345D0 /* Main.storyboard */,
				6B86CEA91E1E43A100E345D0 /* Info.plist */,
				6B86CEA41E1E43A100E345D0 /* Assets.xcassets */,
				6B0304431E2480C9002FB108 /* AppDelegate.h */,
				6B86CE9C1E1E43A100E345D0 /* AppDelegate.m */,
				6B86CE991E1E43A100E345D0 /* main.m */,
				6B86CEA61E1E43A100E345D0 /* LaunchScreen.storyboard */,
			);
			name = "Supporting Files";
			sourceTree = "<group>";
		};
		9F38852AB070811ACF99E5B7 /* Frameworks */ = {
			isa = PBXGroup;
			children = (
				0166C6F1170D1FBB0E679554 /* Pods.framework */,
				061DE3A24110B5F257C53BFD /* libPods-RAC_Demo.a */,
			);
			name = Frameworks;
			sourceTree = "<group>";
		};
/* End PBXGroup section */

/* Begin PBXNativeTarget section */
		6B86CE941E1E43A100E345D0 /* RAC_Demo */ = {
			isa = PBXNativeTarget;
			buildConfigurationList = 6B86CEAC1E1E43A100E345D0 /* Build configuration list for PBXNativeTarget "RAC_Demo" */;
			buildPhases = (
				98A61D4803B1D9B8BD4464F2 /* [CP] Check Pods Manifest.lock */,
				6B86CE911E1E43A100E345D0 /* Sources */,
				6B86CE921E1E43A100E345D0 /* Frameworks */,
				6B86CE931E1E43A100E345D0 /* Resources */,
				37AF602317BF2228F177AF75 /* [CP] Embed Pods Frameworks */,
				2BA632AF03602DAD418CE7F5 /* [CP] Copy Pods Resources */,
			);
			buildRules = (
			);
			dependencies = (
			);
			name = RAC_Demo;
			productName = RAC_Demo;
			productReference = 6B86CE951E1E43A100E345D0 /* RAC_Demo.app */;
			productType = "com.apple.product-type.application";
		};
/* End PBXNativeTarget section */

/* Begin PBXProject section */
		6B86CE8D1E1E43A100E345D0 /* Project object */ = {
			isa = PBXProject;
			attributes = {
				LastUpgradeCheck = 0800;
				ORGANIZATIONNAME = ld;
				TargetAttributes = {
					6B86CE941E1E43A100E345D0 = {
						CreatedOnToolsVersion = 8.0;
						DevelopmentTeam = G68W254JJ7;
						ProvisioningStyle = Automatic;
					};
				};
			};
			buildConfigurationList = 6B86CE901E1E43A100E345D0 /* Build configuration list for PBXProject "RAC_Demo" */;
			compatibilityVersion = "Xcode 3.2";
			developmentRegion = English;
			hasScannedForEncodings = 0;
			knownRegions = (
				en,
				Base,
			);
			mainGroup = 6B86CE8C1E1E43A100E345D0;
			productRefGroup = 6B86CE961E1E43A100E345D0 /* Products */;
			projectDirPath = "";
			projectRoot = "";
			targets = (
				6B86CE941E1E43A100E345D0 /* RAC_Demo */,
			);
		};
/* End PBXProject section */

/* Begin PBXResourcesBuildPhase section */
		6B86CE931E1E43A100E345D0 /* Resources */ = {
			isa = PBXResourcesBuildPhase;
			buildActionMask = 2147483647;
			files = (
				6B86CEA81E1E43A100E345D0 /* LaunchScreen.storyboard in Resources */,
				6B86CEA51E1E43A100E345D0 /* Assets.xcassets in Resources */,
				6B416FEC1E28D690001AD684 /* ShopCartViewController.xib in Resources */,
				6B86CEB01E1E43AD00E345D0 /* Podfile in Resources */,
				6B416FEE1E28D690001AD684 /* ShopCartBottomBar.xib in Resources */,
				6B416FF01E28D690001AD684 /* ShopCartCell.xib in Resources */,
				6B86CEA31E1E43A100E345D0 /* Main.storyboard in Resources */,
				6B416FF21E28D690001AD684 /* ShopCartHeaderView.xib in Resources */,
			);
			runOnlyForDeploymentPostprocessing = 0;
		};
/* End PBXResourcesBuildPhase section */

/* Begin PBXShellScriptBuildPhase section */
		2BA632AF03602DAD418CE7F5 /* [CP] Copy Pods Resources */ = {
			isa = PBXShellScriptBuildPhase;
			buildActionMask = 2147483647;
			files = (
			);
			inputPaths = (
			);
			name = "[CP] Copy Pods Resources";
			outputPaths = (
			);
			runOnlyForDeploymentPostprocessing = 0;
			shellPath = /bin/sh;
			shellScript = "\"${SRCROOT}/Pods/Target Support Files/Pods-RAC_Demo/Pods-RAC_Demo-resources.sh\"\n";
			showEnvVarsInLog = 0;
		};
		37AF602317BF2228F177AF75 /* [CP] Embed Pods Frameworks */ = {
			isa = PBXShellScriptBuildPhase;
			buildActionMask = 2147483647;
			files = (
			);
			inputPaths = (
			);
			name = "[CP] Embed Pods Frameworks";
			outputPaths = (
			);
			runOnlyForDeploymentPostprocessing = 0;
			shellPath = /bin/sh;
			shellScript = "\"${SRCROOT}/Pods/Target Support Files/Pods-RAC_Demo/Pods-RAC_Demo-frameworks.sh\"\n";
			showEnvVarsInLog = 0;
		};
		98A61D4803B1D9B8BD4464F2 /* [CP] Check Pods Manifest.lock */ = {
			isa = PBXShellScriptBuildPhase;
			buildActionMask = 2147483647;
			files = (
			);
			inputPaths = (
				"${PODS_PODFILE_DIR_PATH}/Podfile.lock",
				"${PODS_ROOT}/Manifest.lock",
			);
			name = "[CP] Check Pods Manifest.lock";
			outputPaths = (
				"$(DERIVED_FILE_DIR)/Pods-RAC_Demo-checkManifestLockResult.txt",
			);
			runOnlyForDeploymentPostprocessing = 0;
			shellPath = /bin/sh;
			shellScript = "diff \"${PODS_PODFILE_DIR_PATH}/Podfile.lock\" \"${PODS_ROOT}/Manifest.lock\" > /dev/null\nif [ $? != 0 ] ; then\n    # print error to STDERR\n    echo \"error: The sandbox is not in sync with the Podfile.lock. Run 'pod install' or update your CocoaPods installation.\" >&2\n    exit 1\nfi\n# This output is used by Xcode 'outputs' to avoid re-running this script phase.\necho \"SUCCESS\" > \"${SCRIPT_OUTPUT_FILE_0}\"\n";
			showEnvVarsInLog = 0;
		};
/* End PBXShellScriptBuildPhase section */

/* Begin PBXSourcesBuildPhase section */
		6B86CE911E1E43A100E345D0 /* Sources */ = {
			isa = PBXSourcesBuildPhase;
			buildActionMask = 2147483647;
			files = (
				6B0304851E248C0D002FB108 /* MASConstraintMaker.m in Sources */,
				6B416FF11E28D690001AD684 /* ShopCartHeaderView.m in Sources */,
				6B416FEA1E28D690001AD684 /* ShopCartModel.m in Sources */,
				6B86CEA01E1E43A100E345D0 /* ViewController.m in Sources */,
				6B416FF41E28D690001AD684 /* ShopCartLogicViewModel.m in Sources */,
				6B0304841E248C0D002FB108 /* MASConstraint.m in Sources */,
				6B416FF51E28D690001AD684 /* ShopCartUIViewModel.m in Sources */,
				6B416FEB1E28D690001AD684 /* ShopCartViewController.m in Sources */,
				6B416FED1E28D690001AD684 /* ShopCartBottomBar.m in Sources */,
				6B0304861E248C0D002FB108 /* MASLayoutConstraint.m in Sources */,
				6B0304891E248C0D002FB108 /* NSArray+MASAdditions.m in Sources */,
				6B0304881E248C0D002FB108 /* MASViewConstraint.m in Sources */,
				6B0304871E248C0D002FB108 /* MASViewAttribute.m in Sources */,
				6B03048B1E248C0D002FB108 /* View+MASAdditions.m in Sources */,
				6B416FF31E28D690001AD684 /* ShopCartLogicViewModel+SpecialView.m in Sources */,
				6B86CE9D1E1E43A100E345D0 /* AppDelegate.m in Sources */,
				6B86CE9A1E1E43A100E345D0 /* main.m in Sources */,
				6B416FEF1E28D690001AD684 /* ShopCartCell.m in Sources */,
				6B0304831E248C0D002FB108 /* MASCompositeConstraint.m in Sources */,
				6B03048A1E248C0D002FB108 /* NSLayoutConstraint+MASDebugAdditions.m in Sources */,
			);
			runOnlyForDeploymentPostprocessing = 0;
		};
/* End PBXSourcesBuildPhase section */

/* Begin PBXVariantGroup section */
		6B86CEA11E1E43A100E345D0 /* Main.storyboard */ = {
			isa = PBXVariantGroup;
			children = (
				6B86CEA21E1E43A100E345D0 /* Base */,
			);
			name = Main.storyboard;
			sourceTree = "<group>";
		};
		6B86CEA61E1E43A100E345D0 /* LaunchScreen.storyboard */ = {
			isa = PBXVariantGroup;
			children = (
				6B86CEA71E1E43A100E345D0 /* Base */,
			);
			name = LaunchScreen.storyboard;
			sourceTree = "<group>";
		};
/* End PBXVariantGroup section */

/* Begin XCBuildConfiguration section */
		6B86CEAA1E1E43A100E345D0 /* Debug */ = {
			isa = XCBuildConfiguration;
			buildSettings = {
				ALWAYS_SEARCH_USER_PATHS = NO;
				CLANG_ANALYZER_NONNULL = YES;
				CLANG_CXX_LANGUAGE_STANDARD = "gnu++0x";
				CLANG_CXX_LIBRARY = "libc++";
				CLANG_ENABLE_MODULES = YES;
				CLANG_ENABLE_OBJC_ARC = YES;
				CLANG_WARN_BOOL_CONVERSION = YES;
				CLANG_WARN_CONSTANT_CONVERSION = YES;
				CLANG_WARN_DIRECT_OBJC_ISA_USAGE = YES_ERROR;
				CLANG_WARN_DOCUMENTATION_COMMENTS = YES;
				CLANG_WARN_EMPTY_BODY = YES;
				CLANG_WARN_ENUM_CONVERSION = YES;
				CLANG_WARN_INFINITE_RECURSION = YES;
				CLANG_WARN_INT_CONVERSION = YES;
				CLANG_WARN_OBJC_ROOT_CLASS = YES_ERROR;
				CLANG_WARN_SUSPICIOUS_MOVES = YES;
				CLANG_WARN_UNREACHABLE_CODE = YES;
				CLANG_WARN__DUPLICATE_METHOD_MATCH = YES;
				"CODE_SIGN_IDENTITY[sdk=iphoneos*]" = "iPhone Developer";
				COPY_PHASE_STRIP = NO;
				DEBUG_INFORMATION_FORMAT = dwarf;
				ENABLE_STRICT_OBJC_MSGSEND = YES;
				ENABLE_TESTABILITY = YES;
				GCC_C_LANGUAGE_STANDARD = gnu99;
				GCC_DYNAMIC_NO_PIC = NO;
				GCC_NO_COMMON_BLOCKS = YES;
				GCC_OPTIMIZATION_LEVEL = 0;
				GCC_PREPROCESSOR_DEFINITIONS = (
					"DEBUG=1",
					"$(inherited)",
				);
				GCC_WARN_64_TO_32_BIT_CONVERSION = YES;
				GCC_WARN_ABOUT_RETURN_TYPE = YES_ERROR;
				GCC_WARN_UNDECLARED_SELECTOR = YES;
				GCC_WARN_UNINITIALIZED_AUTOS = YES_AGGRESSIVE;
				GCC_WARN_UNUSED_FUNCTION = YES;
				GCC_WARN_UNUSED_VARIABLE = YES;
				IPHONEOS_DEPLOYMENT_TARGET = 10.0;
				MTL_ENABLE_DEBUG_INFO = YES;
				ONLY_ACTIVE_ARCH = YES;
				SDKROOT = iphoneos;
				TARGETED_DEVICE_FAMILY = "1,2";
			};
			name = Debug;
		};
		6B86CEAB1E1E43A100E345D0 /* Release */ = {
			isa = XCBuildConfiguration;
			buildSettings = {
				ALWAYS_SEARCH_USER_PATHS = NO;
				CLANG_ANALYZER_NONNULL = YES;
				CLANG_CXX_LANGUAGE_STANDARD = "gnu++0x";
				CLANG_CXX_LIBRARY = "libc++";
				CLANG_ENABLE_MODULES = YES;
				CLANG_ENABLE_OBJC_ARC = YES;
				CLANG_WARN_BOOL_CONVERSION = YES;
				CLANG_WARN_CONSTANT_CONVERSION = YES;
				CLANG_WARN_DIRECT_OBJC_ISA_USAGE = YES_ERROR;
				CLANG_WARN_DOCUMENTATION_COMMENTS = YES;
				CLANG_WARN_EMPTY_BODY = YES;
				CLANG_WARN_ENUM_CONVERSION = YES;
				CLANG_WARN_INFINITE_RECURSION = YES;
				CLANG_WARN_INT_CONVERSION = YES;
				CLANG_WARN_OBJC_ROOT_CLASS = YES_ERROR;
				CLANG_WARN_SUSPICIOUS_MOVES = YES;
				CLANG_WARN_UNREACHABLE_CODE = YES;
				CLANG_WARN__DUPLICATE_METHOD_MATCH = YES;
				"CODE_SIGN_IDENTITY[sdk=iphoneos*]" = "iPhone Developer";
				COPY_PHASE_STRIP = NO;
				DEBUG_INFORMATION_FORMAT = "dwarf-with-dsym";
				ENABLE_NS_ASSERTIONS = NO;
				ENABLE_STRICT_OBJC_MSGSEND = YES;
				GCC_C_LANGUAGE_STANDARD = gnu99;
				GCC_NO_COMMON_BLOCKS = YES;
				GCC_WARN_64_TO_32_BIT_CONVERSION = YES;
				GCC_WARN_ABOUT_RETURN_TYPE = YES_ERROR;
				GCC_WARN_UNDECLARED_SELECTOR = YES;
				GCC_WARN_UNINITIALIZED_AUTOS = YES_AGGRESSIVE;
				GCC_WARN_UNUSED_FUNCTION = YES;
				GCC_WARN_UNUSED_VARIABLE = YES;
				IPHONEOS_DEPLOYMENT_TARGET = 10.0;
				MTL_ENABLE_DEBUG_INFO = NO;
				SDKROOT = iphoneos;
				TARGETED_DEVICE_FAMILY = "1,2";
				VALIDATE_PRODUCT = YES;
			};
			name = Release;
		};
		6B86CEAD1E1E43A100E345D0 /* Debug */ = {
			isa = XCBuildConfiguration;
			baseConfigurationReference = 6538CB76F2D4BFE961D2D30C /* Pods-RAC_Demo.debug.xcconfig */;
			buildSettings = {
				ASSETCATALOG_COMPILER_APPICON_NAME = AppIcon;
				DEVELOPMENT_TEAM = G68W254JJ7;
				INFOPLIST_FILE = RAC_Demo/Info.plist;
				IPHONEOS_DEPLOYMENT_TARGET = 9.0;
				LD_RUNPATH_SEARCH_PATHS = "$(inherited) @executable_path/Frameworks";
				PRODUCT_BUNDLE_IDENTIFIER = com.ygk.dddd;
				PRODUCT_NAME = "$(TARGET_NAME)";
			};
			name = Debug;
		};
		6B86CEAE1E1E43A100E345D0 /* Release */ = {
			isa = XCBuildConfiguration;
			baseConfigurationReference = FC74D888990A47CA37EBCD72 /* Pods-RAC_Demo.release.xcconfig */;
			buildSettings = {
				ASSETCATALOG_COMPILER_APPICON_NAME = AppIcon;
				DEVELOPMENT_TEAM = G68W254JJ7;
				INFOPLIST_FILE = RAC_Demo/Info.plist;
				IPHONEOS_DEPLOYMENT_TARGET = 9.0;
				LD_RUNPATH_SEARCH_PATHS = "$(inherited) @executable_path/Frameworks";
				PRODUCT_BUNDLE_IDENTIFIER = com.ygk.dddd;
				PRODUCT_NAME = "$(TARGET_NAME)";
			};
			name = Release;
		};
/* End XCBuildConfiguration section */

/* Begin XCConfigurationList section */
		6B86CE901E1E43A100E345D0 /* Build configuration list for PBXProject "RAC_Demo" */ = {
			isa = XCConfigurationList;
			buildConfigurations = (
				6B86CEAA1E1E43A100E345D0 /* Debug */,
				6B86CEAB1E1E43A100E345D0 /* Release */,
			);
			defaultConfigurationIsVisible = 0;
			defaultConfigurationName = Release;
		};
		6B86CEAC1E1E43A100E345D0 /* Build configuration list for PBXNativeTarget "RAC_Demo" */ = {
			isa = XCConfigurationList;
			buildConfigurations = (
				6B86CEAD1E1E43A100E345D0 /* Debug */,
				6B86CEAE1E1E43A100E345D0 /* Release */,
			);
			defaultConfigurationIsVisible = 0;
			defaultConfigurationName = Release;
		};
/* End XCConfigurationList section */
	};
	rootObject = 6B86CE8D1E1E43A100E345D0 /* Project object */;
}
